
Microsoft Visual Studio Solution File, Format Version 12.00
# Visual Studio Version 17
VisualStudioVersion = 17.4.33122.133
MinimumVisualStudioVersion = 10.0.40219.1
Project("{FAE04EC0-301F-11D3-BF4B-00C04F79EFBC}") = "IndexblockAndTransaction", "IndexblockAndTransaction\IndexblockAndTransaction.csproj", "{2C1C2F21-CA8C-4C20-82AB-9AE4B1977EE4}"
EndProject
Global
	GlobalSection(SolutionConfigurationPlatforms) = preSolution
		Debug|Any CPU = Debug|Any CPU
		Release|Any CPU = Release|Any CPU
	EndGlobalSection
	GlobalSection(ProjectConfigurationPlatforms) = postSolution
		{2C1C2F21-CA8C-4C20-82AB-9AE4B1977EE4}.Debug|Any CPU.ActiveCfg = Debug|Any CPU
		{2C1C2F21-CA8C-4C20-82AB-9AE4B1977EE4}.Debug|Any CPU.Build.0 = Debug|Any CPU
		{2C1C2F21-CA8C-4C20-82AB-9AE4B1977EE4}.Release|Any CPU.ActiveCfg = Release|Any CPU
		{2C1C2F21-CA8C-4C20-82AB-9AE4B1977EE4}.Release|Any CPU.Build.0 = Release|Any CPU
	EndGlobalSection
	GlobalSection(SolutionProperties) = preSolution
		HideSolutionNode = FALSE
	EndGlobalSection
	GlobalSection(ExtensibilityGlobals) = postSolution
		SolutionGuid = {225C1E50-3732-4836-9E86-6052E26F3826}
	EndGlobalSection
EndGlobal
